
Microsoft Visual Studio Solution File, Format Version 12.00
# Visual Studio Version 17
VisualStudioVersion = 17.0.31903.59
MinimumVisualStudioVersion = 10.0.40219.1
Project("{FAE04EC0-301F-11D3-BF4B-00C04F79EFBC}") = "TimeTrack.Domain", "TimeTrack.Domain\TimeTrack.Domain.csproj", "{49646D07-F9F3-4B1F-9FC1-E8FFE87A9326}"
EndProject
Project("{FAE04EC0-301F-11D3-BF4B-00C04F79EFBC}") = "TimeTrack.Application", "TimeTrack.Application\TimeTrack.Application.csproj", "{1FF51333-CB0F-45BC-80D7-65D55C22B580}"
EndProject
Project("{FAE04EC0-301F-11D3-BF4B-00C04F79EFBC}") = "TimeTrack.Persistence", "TimeTrack.Persistence\TimeTrack.Persistence.csproj", "{A6237AE2-FBDF-44F2-BF77-521777967917}"
EndProject
Project("{FAE04EC0-301F-11D3-BF4B-00C04F79EFBC}") = "TimeTrack.Infrastructure", "TimeTrack.Infrastructure\TimeTrack.Infrastructure.csproj", "{8F4D95EB-CD1E-48BA-A3C8-41F511258C94}"
EndProject
Project("{FAE04EC0-301F-11D3-BF4B-00C04F79EFBC}") = "TimeTrack.WebApi", "TimeTrack.WebApi\TimeTrack.WebApi.csproj", "{2A450752-8863-46E3-85F0-AA337A18B6CD}"
EndProject
Project("{FAE04EC0-301F-11D3-BF4B-00C04F79EFBC}") = "TimeTrack.Tests.UnitTests", "..\tests\TimeTrack.Tests.UnitTests\TimeTrack.Tests.UnitTests.csproj", "{AA98874A-F35F-414A-8500-C76EA2191AD0}"
EndProject
Project("{FAE04EC0-301F-11D3-BF4B-00C04F79EFBC}") = "TimeTrack.Tests.IntegrationTests", "..\tests\TimeTrack.Tests.IntegrationTests\TimeTrack.Tests.IntegrationTests.csproj", "{380FCF10-B18C-4D28-A513-CAA850023052}"
EndProject
Project("{2150E333-8FDC-42A3-9474-1A3956D46DE8}") = "src", "src", "{02EA681E-C7D8-13C7-8484-4AC65E1B71E8}"
EndProject
Project("{2150E333-8FDC-42A3-9474-1A3956D46DE8}") = "tests", "tests", "{605AC9B3-7FB4-4DF5-9DE4-CE29D7FB1507}"
EndProject
Global
	GlobalSection(SolutionConfigurationPlatforms) = preSolution
		Debug|Any CPU = Debug|Any CPU
		Debug|x64 = Debug|x64
		Debug|x86 = Debug|x86
		Release|Any CPU = Release|Any CPU
		Release|x64 = Release|x64
		Release|x86 = Release|x86
	EndGlobalSection
	GlobalSection(ProjectConfigurationPlatforms) = postSolution
		{49646D07-F9F3-4B1F-9FC1-E8FFE87A9326}.Debug|Any CPU.ActiveCfg = Debug|Any CPU
		{49646D07-F9F3-4B1F-9FC1-E8FFE87A9326}.Debug|Any CPU.Build.0 = Debug|Any CPU
		{49646D07-F9F3-4B1F-9FC1-E8FFE87A9326}.Debug|x64.ActiveCfg = Debug|Any CPU
		{49646D07-F9F3-4B1F-9FC1-E8FFE87A9326}.Debug|x64.Build.0 = Debug|Any CPU
		{49646D07-F9F3-4B1F-9FC1-E8FFE87A9326}.Debug|x86.ActiveCfg = Debug|Any CPU
		{49646D07-F9F3-4B1F-9FC1-E8FFE87A9326}.Debug|x86.Build.0 = Debug|Any CPU
		{49646D07-F9F3-4B1F-9FC1-E8FFE87A9326}.Release|Any CPU.ActiveCfg = Release|Any CPU
		{49646D07-F9F3-4B1F-9FC1-E8FFE87A9326}.Release|Any CPU.Build.0 = Release|Any CPU
		{49646D07-F9F3-4B1F-9FC1-E8FFE87A9326}.Release|x64.ActiveCfg = Release|Any CPU
		{49646D07-F9F3-4B1F-9FC1-E8FFE87A9326}.Release|x64.Build.0 = Release|Any CPU
		{49646D07-F9F3-4B1F-9FC1-E8FFE87A9326}.Release|x86.ActiveCfg = Release|Any CPU
		{49646D07-F9F3-4B1F-9FC1-E8FFE87A9326}.Release|x86.Build.0 = Release|Any CPU
		{1FF51333-CB0F-45BC-80D7-65D55C22B580}.Debug|Any CPU.ActiveCfg = Debug|Any CPU
		{1FF51333-CB0F-45BC-80D7-65D55C22B580}.Debug|Any CPU.Build.0 = Debug|Any CPU
		{1FF51333-CB0F-45BC-80D7-65D55C22B580}.Debug|x64.ActiveCfg = Debug|Any CPU
		{1FF51333-CB0F-45BC-80D7-65D55C22B580}.Debug|x64.Build.0 = Debug|Any CPU
		{1FF51333-CB0F-45BC-80D7-65D55C22B580}.Debug|x86.ActiveCfg = Debug|Any CPU
		{1FF51333-CB0F-45BC-80D7-65D55C22B580}.Debug|x86.Build.0 = Debug|Any CPU
		{1FF51333-CB0F-45BC-80D7-65D55C22B580}.Release|Any CPU.ActiveCfg = Release|Any CPU
		{1FF51333-CB0F-45BC-80D7-65D55C22B580}.Release|Any CPU.Build.0 = Release|Any CPU
		{1FF51333-CB0F-45BC-80D7-65D55C22B580}.Release|x64.ActiveCfg = Release|Any CPU
		{1FF51333-CB0F-45BC-80D7-65D55C22B580}.Release|x64.Build.0 = Release|Any CPU
		{1FF51333-CB0F-45BC-80D7-65D55C22B580}.Release|x86.ActiveCfg = Release|Any CPU
		{1FF51333-CB0F-45BC-80D7-65D55C22B580}.Release|x86.Build.0 = Release|Any CPU
		{A6237AE2-FBDF-44F2-BF77-521777967917}.Debug|Any CPU.ActiveCfg = Debug|Any CPU
		{A6237AE2-FBDF-44F2-BF77-521777967917}.Debug|Any CPU.Build.0 = Debug|Any CPU
		{A6237AE2-FBDF-44F2-BF77-521777967917}.Debug|x64.ActiveCfg = Debug|Any CPU
		{A6237AE2-FBDF-44F2-BF77-521777967917}.Debug|x64.Build.0 = Debug|Any CPU
		{A6237AE2-FBDF-44F2-BF77-521777967917}.Debug|x86.ActiveCfg = Debug|Any CPU
		{A6237AE2-FBDF-44F2-BF77-521777967917}.Debug|x86.Build.0 = Debug|Any CPU
		{A6237AE2-FBDF-44F2-BF77-521777967917}.Release|Any CPU.ActiveCfg = Release|Any CPU
		{A6237AE2-FBDF-44F2-BF77-521777967917}.Release|Any CPU.Build.0 = Release|Any CPU
		{A6237AE2-FBDF-44F2-BF77-521777967917}.Release|x64.ActiveCfg = Release|Any CPU
		{A6237AE2-FBDF-44F2-BF77-521777967917}.Release|x64.Build.0 = Release|Any CPU
		{A6237AE2-FBDF-44F2-BF77-521777967917}.Release|x86.ActiveCfg = Release|Any CPU
		{A6237AE2-FBDF-44F2-BF77-521777967917}.Release|x86.Build.0 = Release|Any CPU
		{8F4D95EB-CD1E-48BA-A3C8-41F511258C94}.Debug|Any CPU.ActiveCfg = Debug|Any CPU
		{8F4D95EB-CD1E-48BA-A3C8-41F511258C94}.Debug|Any CPU.Build.0 = Debug|Any CPU
		{8F4D95EB-CD1E-48BA-A3C8-41F511258C94}.Debug|x64.ActiveCfg = Debug|Any CPU
		{8F4D95EB-CD1E-48BA-A3C8-41F511258C94}.Debug|x64.Build.0 = Debug|Any CPU
		{8F4D95EB-CD1E-48BA-A3C8-41F511258C94}.Debug|x86.ActiveCfg = Debug|Any CPU
		{8F4D95EB-CD1E-48BA-A3C8-41F511258C94}.Debug|x86.Build.0 = Debug|Any CPU
		{8F4D95EB-CD1E-48BA-A3C8-41F511258C94}.Release|Any CPU.ActiveCfg = Release|Any CPU
		{8F4D95EB-CD1E-48BA-A3C8-41F511258C94}.Release|Any CPU.Build.0 = Release|Any CPU
		{8F4D95EB-CD1E-48BA-A3C8-41F511258C94}.Release|x64.ActiveCfg = Release|Any CPU
		{8F4D95EB-CD1E-48BA-A3C8-41F511258C94}.Release|x64.Build.0 = Release|Any CPU
		{8F4D95EB-CD1E-48BA-A3C8-41F511258C94}.Release|x86.ActiveCfg = Release|Any CPU
		{8F4D95EB-CD1E-48BA-A3C8-41F511258C94}.Release|x86.Build.0 = Release|Any CPU
		{2A450752-8863-46E3-85F0-AA337A18B6CD}.Debug|Any CPU.ActiveCfg = Debug|Any CPU
		{2A450752-8863-46E3-85F0-AA337A18B6CD}.Debug|Any CPU.Build.0 = Debug|Any CPU
		{2A450752-8863-46E3-85F0-AA337A18B6CD}.Debug|x64.ActiveCfg = Debug|Any CPU
		{2A450752-8863-46E3-85F0-AA337A18B6CD}.Debug|x64.Build.0 = Debug|Any CPU
		{2A450752-8863-46E3-85F0-AA337A18B6CD}.Debug|x86.ActiveCfg = Debug|Any CPU
		{2A450752-8863-46E3-85F0-AA337A18B6CD}.Debug|x86.Build.0 = Debug|Any CPU
		{2A450752-8863-46E3-85F0-AA337A18B6CD}.Release|Any CPU.ActiveCfg = Release|Any CPU
		{2A450752-8863-46E3-85F0-AA337A18B6CD}.Release|Any CPU.Build.0 = Release|Any CPU
		{2A450752-8863-46E3-85F0-AA337A18B6CD}.Release|x64.ActiveCfg = Release|Any CPU
		{2A450752-8863-46E3-85F0-AA337A18B6CD}.Release|x64.Build.0 = Release|Any CPU
		{2A450752-8863-46E3-85F0-AA337A18B6CD}.Release|x86.ActiveCfg = Release|Any CPU
		{2A450752-8863-46E3-85F0-AA337A18B6CD}.Release|x86.Build.0 = Release|Any CPU
		{AA98874A-F35F-414A-8500-C76EA2191AD0}.Debug|Any CPU.ActiveCfg = Debug|Any CPU
		{AA98874A-F35F-414A-8500-C76EA2191AD0}.Debug|Any CPU.Build.0 = Debug|Any CPU
		{AA98874A-F35F-414A-8500-C76EA2191AD0}.Debug|x64.ActiveCfg = Debug|Any CPU
		{AA98874A-F35F-414A-8500-C76EA2191AD0}.Debug|x64.Build.0 = Debug|Any CPU
		{AA98874A-F35F-414A-8500-C76EA2191AD0}.Debug|x86.ActiveCfg = Debug|Any CPU
		{AA98874A-F35F-414A-8500-C76EA2191AD0}.Debug|x86.Build.0 = Debug|Any CPU
		{AA98874A-F35F-414A-8500-C76EA2191AD0}.Release|Any CPU.ActiveCfg = Release|Any CPU
		{AA98874A-F35F-414A-8500-C76EA2191AD0}.Release|Any CPU.Build.0 = Release|Any CPU
		{AA98874A-F35F-414A-8500-C76EA2191AD0}.Release|x64.ActiveCfg = Release|Any CPU
		{AA98874A-F35F-414A-8500-C76EA2191AD0}.Release|x64.Build.0 = Release|Any CPU
		{AA98874A-F35F-414A-8500-C76EA2191AD0}.Release|x86.ActiveCfg = Release|Any CPU
		{AA98874A-F35F-414A-8500-C76EA2191AD0}.Release|x86.Build.0 = Release|Any CPU
		{380FCF10-B18C-4D28-A513-CAA850023052}.Debug|Any CPU.ActiveCfg = Debug|Any CPU
		{380FCF10-B18C-4D28-A513-CAA850023052}.Debug|Any CPU.Build.0 = Debug|Any CPU
		{380FCF10-B18C-4D28-A513-CAA850023052}.Debug|x64.ActiveCfg = Debug|Any CPU
		{380FCF10-B18C-4D28-A513-CAA850023052}.Debug|x64.Build.0 = Debug|Any CPU
		{380FCF10-B18C-4D28-A513-CAA850023052}.Debug|x86.ActiveCfg = Debug|Any CPU
		{380FCF10-B18C-4D28-A513-CAA850023052}.Debug|x86.Build.0 = Debug|Any CPU
		{380FCF10-B18C-4D28-A513-CAA850023052}.Release|Any CPU.ActiveCfg = Release|Any CPU
		{380FCF10-B18C-4D28-A513-CAA850023052}.Release|Any CPU.Build.0 = Release|Any CPU
		{380FCF10-B18C-4D28-A513-CAA850023052}.Release|x64.ActiveCfg = Release|Any CPU
		{380FCF10-B18C-4D28-A513-CAA850023052}.Release|x64.Build.0 = Release|Any CPU
		{380FCF10-B18C-4D28-A513-CAA850023052}.Release|x86.ActiveCfg = Release|Any CPU
		{380FCF10-B18C-4D28-A513-CAA850023052}.Release|x86.Build.0 = Release|Any CPU
	EndGlobalSection
	GlobalSection(SolutionProperties) = preSolution
		HideSolutionNode = FALSE
	EndGlobalSection
	GlobalSection(NestedProjects) = preSolution
		{49646D07-F9F3-4B1F-9FC1-E8FFE87A9326} = {02EA681E-C7D8-13C7-8484-4AC65E1B71E8}
		{1FF51333-CB0F-45BC-80D7-65D55C22B580} = {02EA681E-C7D8-13C7-8484-4AC65E1B71E8}
		{A6237AE2-FBDF-44F2-BF77-521777967917} = {02EA681E-C7D8-13C7-8484-4AC65E1B71E8}
		{8F4D95EB-CD1E-48BA-A3C8-41F511258C94} = {02EA681E-C7D8-13C7-8484-4AC65E1B71E8}
		{2A450752-8863-46E3-85F0-AA337A18B6CD} = {02EA681E-C7D8-13C7-8484-4AC65E1B71E8}
		{AA98874A-F35F-414A-8500-C76EA2191AD0} = {605AC9B3-7FB4-4DF5-9DE4-CE29D7FB1507}
		{380FCF10-B18C-4D28-A513-CAA850023052} = {605AC9B3-7FB4-4DF5-9DE4-CE29D7FB1507}
	EndGlobalSection
	GlobalSection(ExtensibilityGlobals) = postSolution
		SolutionGuid = {2796885F-2E4C-4FAD-970A-FF86D898C2C5}
	EndGlobalSection
EndGlobal
